
Microsoft Visual Studio Solution File, Format Version 12.00
# Visual Studio Version 17
VisualStudioVersion = 17.14.37614.0 d17.14
MinimumVisualStudioVersion = 10.0.40219.1
Project("{FAE04EC0-301F-11D3-BF4B-00C04F79EFBC}") = "Лабораторная работа 1", "Лабораторная работа 1\Лабораторная работа 1.csproj", "{5F63FC3C-6848-47A6-9C4B-F9A2CD50A2B5}"
EndProject
Global
	GlobalSection(SolutionConfigurationPlatforms) = preSolution
		Debug|Any CPU = Debug|Any CPU
		Release|Any CPU = Release|Any CPU
	EndGlobalSection
	GlobalSection(ProjectConfigurationPlatforms) = postSolution
		{5F63FC3C-6848-47A6-9C4B-F9A2CD50A2B5}.Debug|Any CPU.ActiveCfg = Debug|Any CPU
		{5F63FC3C-6848-47A6-9C4B-F9A2CD50A2B5}.Debug|Any CPU.Build.0 = Debug|Any CPU
		{5F63FC3C-6848-47A6-9C4B-F9A2CD50A2B5}.Release|Any CPU.ActiveCfg = Release|Any CPU
		{5F63FC3C-6848-47A6-9C4B-F9A2CD50A2B5}.Release|Any CPU.Build.0 = Release|Any CPU
	EndGlobalSection
	GlobalSection(SolutionProperties) = preSolution
		HideSolutionNode = FALSE
	EndGlobalSection
	GlobalSection(ExtensibilityGlobals) = postSolution
		SolutionGuid = {4FF1C90D-0C57-450F-886A-79C1EF25759E}
	EndGlobalSection
EndGlobal
