
Microsoft Visual Studio Solution File, Format Version 12.00
# Visual Studio Version 17
VisualStudioVersion = 17.14.37614.0 d17.14
MinimumVisualStudioVersion = 10.0.40219.1
Project("{FAE04EC0-301F-11D3-BF4B-00C04F79EFBC}") = "Массивы", "Массивы\Массивы.csproj", "{66F060B4-9E9F-4DF0-9DC8-4E2F9A97CC08}"
EndProject
Global
	GlobalSection(SolutionConfigurationPlatforms) = preSolution
		Debug|Any CPU = Debug|Any CPU
		Release|Any CPU = Release|Any CPU
	EndGlobalSection
	GlobalSection(ProjectConfigurationPlatforms) = postSolution
		{66F060B4-9E9F-4DF0-9DC8-4E2F9A97CC08}.Debug|Any CPU.ActiveCfg = Debug|Any CPU
		{66F060B4-9E9F-4DF0-9DC8-4E2F9A97CC08}.Debug|Any CPU.Build.0 = Debug|Any CPU
		{66F060B4-9E9F-4DF0-9DC8-4E2F9A97CC08}.Release|Any CPU.ActiveCfg = Release|Any CPU
		{66F060B4-9E9F-4DF0-9DC8-4E2F9A97CC08}.Release|Any CPU.Build.0 = Release|Any CPU
	EndGlobalSection
	GlobalSection(SolutionProperties) = preSolution
		HideSolutionNode = FALSE
	EndGlobalSection
	GlobalSection(ExtensibilityGlobals) = postSolution
		SolutionGuid = {2DC659C4-43F1-486B-BB52-93115E0BFBD0}
	EndGlobalSection
EndGlobal
